{"is_source_file": false, "format": "", "description": "", "external_files": [], "external_methods": [], "published": [], "classes": [], "methods": [], "calls": [], "search-terms": [], "state": 2, "file_id": 8, "knowledge_revision": 24, "git_revision": "8428ec4ba1eadc9166d9ecf8d738697f2c6debce", "filename": "/home/kavia/workspace/code-generation/storysphere-94523-94547/main_container_for_storysphere/post_process_status.lock", "hash": "9c4ed7ef73e22b872b8055bec08b8979", "format-version": 4, "code-base-name": "default", "revision_history": [{"24": "8428ec4ba1eadc9166d9ecf8d738697f2c6debce"}]}